
Microsoft Visual Studio Solution File, Format Version 12.00
# Visual Studio Version 16
VisualStudioVersion = 16.0.31129.286
MinimumVisualStudioVersion = 10.0.40219.1
Project("{FAE04EC0-301F-11D3-BF4B-00C04F79EFBC}") = "WebApplication6", "WebApplication6\WebApplication6.csproj", "{A419E52B-0247-49FD-8637-B0B856A423FC}"
EndProject
Global
	GlobalSection(SolutionConfigurationPlatforms) = preSolution
		Debug|Any CPU = Debug|Any CPU
		Release|Any CPU = Release|Any CPU
	EndGlobalSection
	GlobalSection(ProjectConfigurationPlatforms) = postSolution
		{A419E52B-0247-49FD-8637-B0B856A423FC}.Debug|Any CPU.ActiveCfg = Debug|Any CPU
		{A419E52B-0247-49FD-8637-B0B856A423FC}.Debug|Any CPU.Build.0 = Debug|Any CPU
		{A419E52B-0247-49FD-8637-B0B856A423FC}.Release|Any CPU.ActiveCfg = Release|Any CPU
		{A419E52B-0247-49FD-8637-B0B856A423FC}.Release|Any CPU.Build.0 = Release|Any CPU
	EndGlobalSection
	GlobalSection(SolutionProperties) = preSolution
		HideSolutionNode = FALSE
	EndGlobalSection
	GlobalSection(ExtensibilityGlobals) = postSolution
		SolutionGuid = {E6B9ECB4-B2D5-4C4E-92ED-B8769AE40EE5}
	EndGlobalSection
EndGlobal
